// !$*UTF8*$!
{
	archiveVersion = 1;
	classes = {
	};
	objectVersion = 50;
	objects = {

/* Begin PBXBuildFile section */
		C115817423BA80F700542665 /* Localizable.strings in Resources */ = {isa = PBXBuildFile; fileRef = C115817623BA80F700542665 /* Localizable.strings */; };
		C134027123B8289100C94FF8 /* AppDelegate.swift in Sources */ = {isa = PBXBuildFile; fileRef = C134027023B8289100C94FF8 /* AppDelegate.swift */; };
		C134027323B8289100C94FF8 /* SceneDelegate.swift in Sources */ = {isa = PBXBuildFile; fileRef = C134027223B8289100C94FF8 /* SceneDelegate.swift */; };
		C134027823B8289100C94FF8 /* Main.storyboard in Resources */ = {isa = PBXBuildFile; fileRef = C134027623B8289100C94FF8 /* Main.storyboard */; };
		C134027A23B8289300C94FF8 /* Assets.xcassets in Resources */ = {isa = PBXBuildFile; fileRef = C134027923B8289300C94FF8 /* Assets.xcassets */; };
		C134027D23B8289300C94FF8 /* LaunchScreen.storyboard in Resources */ = {isa = PBXBuildFile; fileRef = C134027B23B8289300C94FF8 /* LaunchScreen.storyboard */; };
		C134028823B8289300C94FF8 /* WorldTrotterTests.swift in Sources */ = {isa = PBXBuildFile; fileRef = C134028723B8289300C94FF8 /* WorldTrotterTests.swift */; };
		C134029323B8289300C94FF8 /* WorldTrotterUITests.swift in Sources */ = {isa = PBXBuildFile; fileRef = C134029223B8289300C94FF8 /* WorldTrotterUITests.swift */; };
		C13A92D423B84F7200042B5A /* ConversionViewController.swift in Sources */ = {isa = PBXBuildFile; fileRef = C13A92D323B84F7200042B5A /* ConversionViewController.swift */; };
		C13A92D723B98BB800042B5A /* MapKit.framework in Frameworks */ = {isa = PBXBuildFile; fileRef = C13A92D623B98BB800042B5A /* MapKit.framework */; };
		C13A92D923B9975200042B5A /* MapViewController.swift in Sources */ = {isa = PBXBuildFile; fileRef = C13A92D823B9975200042B5A /* MapViewController.swift */; };
/* End PBXBuildFile section */

/* Begin PBXContainerItemProxy section */
		C134028423B8289300C94FF8 /* PBXContainerItemProxy */ = {
			isa = PBXContainerItemProxy;
			containerPortal = C134026523B8289100C94FF8 /* Project object */;
			proxyType = 1;
			remoteGlobalIDString = C134026C23B8289100C94FF8;
			remoteInfo = WorldTrotter;
		};
		C134028F23B8289300C94FF8 /* PBXContainerItemProxy */ = {
			isa = PBXContainerItemProxy;
			containerPortal = C134026523B8289100C94FF8 /* Project object */;
			proxyType = 1;
			remoteGlobalIDString = C134026C23B8289100C94FF8;
			remoteInfo = WorldTrotter;
		};
/* End PBXContainerItemProxy section */

/* Begin PBXFileReference section */
		C115817523BA80F700542665 /* es */ = {isa = PBXFileReference; lastKnownFileType = text.plist.strings; name = es; path = es.lproj/Localizable.strings; sourceTree = "<group>"; };
		C115817723BA810100542665 /* en */ = {isa = PBXFileReference; lastKnownFileType = text.plist.strings; name = en; path = en.lproj/Localizable.strings; sourceTree = "<group>"; };
		C134026D23B8289100C94FF8 /* WorldTrotter.app */ = {isa = PBXFileReference; explicitFileType = wrapper.application; includeInIndex = 0; path = WorldTrotter.app; sourceTree = BUILT_PRODUCTS_DIR; };
		C134027023B8289100C94FF8 /* AppDelegate.swift */ = {isa = PBXFileReference; lastKnownFileType = sourcecode.swift; path = AppDelegate.swift; sourceTree = "<group>"; };
		C134027223B8289100C94FF8 /* SceneDelegate.swift */ = {isa = PBXFileReference; lastKnownFileType = sourcecode.swift; path = SceneDelegate.swift; sourceTree = "<group>"; };
		C134027723B8289100C94FF8 /* Base */ = {isa = PBXFileReference; lastKnownFileType = file.storyboard; name = Base; path = Base.lproj/Main.storyboard; sourceTree = "<group>"; };
		C134027923B8289300C94FF8 /* Assets.xcassets */ = {isa = PBXFileReference; lastKnownFileType = folder.assetcatalog; path = Assets.xcassets; sourceTree = "<group>"; };
		C134027C23B8289300C94FF8 /* Base */ = {isa = PBXFileReference; lastKnownFileType = file.storyboard; name = Base; path = Base.lproj/LaunchScreen.storyboard; sourceTree = "<group>"; };
		C134027E23B8289300C94FF8 /* Info.plist */ = {isa = PBXFileReference; lastKnownFileType = text.plist.xml; path = Info.plist; sourceTree = "<group>"; };
		C134028323B8289300C94FF8 /* WorldTrotterTests.xctest */ = {isa = PBXFileReference; explicitFileType = wrapper.cfbundle; includeInIndex = 0; path = WorldTrotterTests.xctest; sourceTree = BUILT_PRODUCTS_DIR; };
		C134028723B8289300C94FF8 /* WorldTrotterTests.swift */ = {isa = PBXFileReference; lastKnownFileType = sourcecode.swift; path = WorldTrotterTests.swift; sourceTree = "<group>"; };
		C134028923B8289300C94FF8 /* Info.plist */ = {isa = PBXFileReference; lastKnownFileType = text.plist.xml; path = Info.plist; sourceTree = "<group>"; };
		C134028E23B8289300C94FF8 /* WorldTrotterUITests.xctest */ = {isa = PBXFileReference; explicitFileType = wrapper.cfbundle; includeInIndex = 0; path = WorldTrotterUITests.xctest; sourceTree = BUILT_PRODUCTS_DIR; };
		C134029223B8289300C94FF8 /* WorldTrotterUITests.swift */ = {isa = PBXFileReference; lastKnownFileType = sourcecode.swift; path = WorldTrotterUITests.swift; sourceTree = "<group>"; };
		C134029423B8289300C94FF8 /* Info.plist */ = {isa = PBXFileReference; lastKnownFileType = text.plist.xml; path = Info.plist; sourceTree = "<group>"; };
		C13A92D323B84F7200042B5A /* ConversionViewController.swift */ = {isa = PBXFileReference; lastKnownFileType = sourcecode.swift; path = ConversionViewController.swift; sourceTree = "<group>"; };
		C13A92D623B98BB800042B5A /* MapKit.framework */ = {isa = PBXFileReference; lastKnownFileType = wrapper.framework; name = MapKit.framework; path = System/Library/Frameworks/MapKit.framework; sourceTree = SDKROOT; };
		C13A92D823B9975200042B5A /* MapViewController.swift */ = {isa = PBXFileReference; lastKnownFileType = sourcecode.swift; path = MapViewController.swift; sourceTree = "<group>"; };
		C13A92DB23BA7B5100042B5A /* en */ = {isa = PBXFileReference; lastKnownFileType = text.plist.strings; name = en; path = en.lproj/Main.strings; sourceTree = "<group>"; };
		C13A92DC23BA7BF700042B5A /* es */ = {isa = PBXFileReference; lastKnownFileType = text.plist.strings; name = es; path = es.lproj/Main.strings; sourceTree = "<group>"; };
/* End PBXFileReference section */

/* Begin PBXFrameworksBuildPhase section */
		C134026A23B8289100C94FF8 /* Frameworks */ = {
			isa = PBXFrameworksBuildPhase;
			buildActionMask = 2147483647;
			files = (
				C13A92D723B98BB800042B5A /* MapKit.framework in Frameworks */,
			);
			runOnlyForDeploymentPostprocessing = 0;
		};
		C134028023B8289300C94FF8 /* Frameworks */ = {
			isa = PBXFrameworksBuildPhase;
			buildActionMask = 2147483647;
			files = (
			);
			runOnlyForDeploymentPostprocessing = 0;
		};
		C134028B23B8289300C94FF8 /* Frameworks */ = {
			isa = PBXFrameworksBuildPhase;
			buildActionMask = 2147483647;
			files = (
			);
			runOnlyForDeploymentPostprocessing = 0;
		};
/* End PBXFrameworksBuildPhase section */

/* Begin PBXGroup section */
		C134026423B8289100C94FF8 = {
			isa = PBXGroup;
			children = (
				C134026F23B8289100C94FF8 /* WorldTrotter */,
				C134028623B8289300C94FF8 /* WorldTrotterTests */,
				C134029123B8289300C94FF8 /* WorldTrotterUITests */,
				C134026E23B8289100C94FF8 /* Products */,
				C13A92D523B98BB800042B5A /* Frameworks */,
			);
			sourceTree = "<group>";
		};
		C134026E23B8289100C94FF8 /* Products */ = {
			isa = PBXGroup;
			children = (
				C134026D23B8289100C94FF8 /* WorldTrotter.app */,
				C134028323B8289300C94FF8 /* WorldTrotterTests.xctest */,
				C134028E23B8289300C94FF8 /* WorldTrotterUITests.xctest */,
			);
			name = Products;
			sourceTree = "<group>";
		};
		C134026F23B8289100C94FF8 /* WorldTrotter */ = {
			isa = PBXGroup;
			children = (
				C134027023B8289100C94FF8 /* AppDelegate.swift */,
				C13A92D323B84F7200042B5A /* ConversionViewController.swift */,
				C134027223B8289100C94FF8 /* SceneDelegate.swift */,
				C134027623B8289100C94FF8 /* Main.storyboard */,
				C115817623BA80F700542665 /* Localizable.strings */,
				C13A92D823B9975200042B5A /* MapViewController.swift */,
				C134027923B8289300C94FF8 /* Assets.xcassets */,
				C134027B23B8289300C94FF8 /* LaunchScreen.storyboard */,
				C134027E23B8289300C94FF8 /* Info.plist */,
			);
			path = WorldTrotter;
			sourceTree = "<group>";
		};
		C134028623B8289300C94FF8 /* WorldTrotterTests */ = {
			isa = PBXGroup;
			children = (
				C134028723B8289300C94FF8 /* WorldTrotterTests.swift */,
				C134028923B8289300C94FF8 /* Info.plist */,
			);
			path = WorldTrotterTests;
			sourceTree = "<group>";
		};
		C134029123B8289300C94FF8 /* WorldTrotterUITests */ = {
			isa = PBXGroup;
			children = (
				C134029223B8289300C94FF8 /* WorldTrotterUITests.swift */,
				C134029423B8289300C94FF8 /* Info.plist */,
			);
			path = WorldTrotterUITests;
			sourceTree = "<group>";
		};
		C13A92D523B98BB800042B5A /* Frameworks */ = {
			isa = PBXGroup;
			children = (
				C13A92D623B98BB800042B5A /* MapKit.framework */,
			);
			name = Frameworks;
			sourceTree = "<group>";
		};
/* End PBXGroup section */

/* Begin PBXNativeTarget section */
		C134026C23B8289100C94FF8 /* WorldTrotter */ = {
			isa = PBXNativeTarget;
			buildConfigurationList = C134029723B8289300C94FF8 /* Build configuration list for PBXNativeTarget "WorldTrotter" */;
			buildPhases = (
				C134026923B8289100C94FF8 /* Sources */,
				C134026A23B8289100C94FF8 /* Frameworks */,
				C134026B23B8289100C94FF8 /* Resources */,
			);
			buildRules = (
			);
			dependencies = (
			);
			name = WorldTrotter;
			productName = WorldTrotter;
			productReference = C134026D23B8289100C94FF8 /* WorldTrotter.app */;
			productType = "com.apple.product-type.application";
		};
		C134028223B8289300C94FF8 /* WorldTrotterTests */ = {
			isa = PBXNativeTarget;
			buildConfigurationList = C134029A23B8289300C94FF8 /* Build configuration list for PBXNativeTarget "WorldTrotterTests" */;
			buildPhases = (
				C134027F23B8289300C94FF8 /* Sources */,
				C134028023B8289300C94FF8 /* Frameworks */,
				C134028123B8289300C94FF8 /* Resources */,
			);
			buildRules = (
			);
			dependencies = (
				C134028523B8289300C94FF8 /* PBXTargetDependency */,
			);
			name = WorldTrotterTests;
			productName = WorldTrotterTests;
			productReference = C134028323B8289300C94FF8 /* WorldTrotterTests.xctest */;
			productType = "com.apple.product-type.bundle.unit-test";
		};
		C134028D23B8289300C94FF8 /* WorldTrotterUITests */ = {
			isa = PBXNativeTarget;
			buildConfigurationList = C134029D23B8289300C94FF8 /* Build configuration list for PBXNativeTarget "WorldTrotterUITests" */;
			buildPhases = (
				C134028A23B8289300C94FF8 /* Sources */,
				C134028B23B8289300C94FF8 /* Frameworks */,
				C134028C23B8289300C94FF8 /* Resources */,
			);
			buildRules = (
			);
			dependencies = (
				C134029023B8289300C94FF8 /* PBXTargetDependency */,
			);
			name = WorldTrotterUITests;
			productName = WorldTrotterUITests;
			productReference = C134028E23B8289300C94FF8 /* WorldTrotterUITests.xctest */;
			productType = "com.apple.product-type.bundle.ui-testing";
		};
/* End PBXNativeTarget section */

/* Begin PBXProject section */
		C134026523B8289100C94FF8 /* Project object */ = {
			isa = PBXProject;
			attributes = {
				LastSwiftUpdateCheck = 1130;
				LastUpgradeCheck = 1130;
				ORGANIZATIONNAME = "Big Nerd Ranch";
				TargetAttributes = {
					C134026C23B8289100C94FF8 = {
						CreatedOnToolsVersion = 11.3;
					};
					C134028223B8289300C94FF8 = {
						CreatedOnToolsVersion = 11.3;
						TestTargetID = C134026C23B8289100C94FF8;
					};
					C134028D23B8289300C94FF8 = {
						CreatedOnToolsVersion = 11.3;
						TestTargetID = C134026C23B8289100C94FF8;
					};
				};
			};
			buildConfigurationList = C134026823B8289100C94FF8 /* Build configuration list for PBXProject "WorldTrotter" */;
			compatibilityVersion = "Xcode 9.3";
			developmentRegion = en;
			hasScannedForEncodings = 0;
			knownRegions = (
				en,
				Base,
				es,
			);
			mainGroup = C134026423B8289100C94FF8;
			productRefGroup = C134026E23B8289100C94FF8 /* Products */;
			projectDirPath = "";
			projectRoot = "";
			targets = (
				C134026C23B8289100C94FF8 /* WorldTrotter */,
				C134028223B8289300C94FF8 /* WorldTrotterTests */,
				C134028D23B8289300C94FF8 /* WorldTrotterUITests */,
			);
		};
/* End PBXProject section */

/* Begin PBXResourcesBuildPhase section */
		C134026B23B8289100C94FF8 /* Resources */ = {
			isa = PBXResourcesBuildPhase;
			buildActionMask = 2147483647;
			files = (
				C134027D23B8289300C94FF8 /* LaunchScreen.storyboard in Resources */,
				C115817423BA80F700542665 /* Localizable.strings in Resources */,
				C134027A23B8289300C94FF8 /* Assets.xcassets in Resources */,
				C134027823B8289100C94FF8 /* Main.storyboard in Resources */,
			);
			runOnlyForDeploymentPostprocessing = 0;
		};
		C134028123B8289300C94FF8 /* Resources */ = {
			isa = PBXResourcesBuildPhase;
			buildActionMask = 2147483647;
			files = (
			);
			runOnlyForDeploymentPostprocessing = 0;
		};
		C134028C23B8289300C94FF8 /* Resources */ = {
			isa = PBXResourcesBuildPhase;
			buildActionMask = 2147483647;
			files = (
			);
			runOnlyForDeploymentPostprocessing = 0;
		};
/* End PBXResourcesBuildPhase section */

/* Begin PBXSourcesBuildPhase section */
		C134026923B8289100C94FF8 /* Sources */ = {
			isa = PBXSourcesBuildPhase;
			buildActionMask = 2147483647;
			files = (
				C134027123B8289100C94FF8 /* AppDelegate.swift in Sources */,
				C13A92D423B84F7200042B5A /* ConversionViewController.swift in Sources */,
				C134027323B8289100C94FF8 /* SceneDelegate.swift in Sources */,
				C13A92D923B9975200042B5A /* MapViewController.swift in Sources */,
			);
			runOnlyForDeploymentPostprocessing = 0;
		};
		C134027F23B8289300C94FF8 /* Sources */ = {
			isa = PBXSourcesBuildPhase;
			buildActionMask = 2147483647;
			files = (
				C134028823B8289300C94FF8 /* WorldTrotterTests.swift in Sources */,
			);
			runOnlyForDeploymentPostprocessing = 0;
		};
		C134028A23B8289300C94FF8 /* Sources */ = {
			isa = PBXSourcesBuildPhase;
			buildActionMask = 2147483647;
			files = (
				C134029323B8289300C94FF8 /* WorldTrotterUITests.swift in Sources */,
			);
			runOnlyForDeploymentPostprocessing = 0;
		};
/* End PBXSourcesBuildPhase section */

/* Begin PBXTargetDependency section */
		C134028523B8289300C94FF8 /* PBXTargetDependency */ = {
			isa = PBXTargetDependency;
			target = C134026C23B8289100C94FF8 /* WorldTrotter */;
			targetProxy = C134028423B8289300C94FF8 /* PBXContainerItemProxy */;
		};
		C134029023B8289300C94FF8 /* PBXTargetDependency */ = {
			isa = PBXTargetDependency;
			target = C134026C23B8289100C94FF8 /* WorldTrotter */;
			targetProxy = C134028F23B8289300C94FF8 /* PBXContainerItemProxy */;
		};
/* End PBXTargetDependency section */

/* Begin PBXVariantGroup section */
		C115817623BA80F700542665 /* Localizable.strings */ = {
			isa = PBXVariantGroup;
			children = (
				C115817523BA80F700542665 /* es */,
				C115817723BA810100542665 /* en */,
			);
			name = Localizable.strings;
			sourceTree = "<group>";
		};
		C134027623B8289100C94FF8 /* Main.storyboard */ = {
			isa = PBXVariantGroup;
			children = (
				C134027723B8289100C94FF8 /* Base */,
				C13A92DB23BA7B5100042B5A /* en */,
				C13A92DC23BA7BF700042B5A /* es */,
			);
			name = Main.storyboard;
			sourceTree = "<group>";
		};
		C134027B23B8289300C94FF8 /* LaunchScreen.storyboard */ = {
			isa = PBXVariantGroup;
			children = (
				C134027C23B8289300C94FF8 /* Base */,
			);
			name = LaunchScreen.storyboard;
			sourceTree = "<group>";
		};
/* End PBXVariantGroup section */

/* Begin XCBuildConfiguration section */
		C134029523B8289300C94FF8 /* Debug */ = {
			isa = XCBuildConfiguration;
			buildSettings = {
				ALWAYS_SEARCH_USER_PATHS = NO;
				CLANG_ANALYZER_LOCALIZABILITY_NONLOCALIZED = YES;
				CLANG_ANALYZER_NONNULL = YES;
				CLANG_ANALYZER_NUMBER_OBJECT_CONVERSION = YES_AGGRESSIVE;
				CLANG_CXX_LANGUAGE_STANDARD = "gnu++14";
				CLANG_CXX_LIBRARY = "libc++";
				CLANG_ENABLE_MODULES = YES;
				CLANG_ENABLE_OBJC_ARC = YES;
				CLANG_ENABLE_OBJC_WEAK = YES;
				CLANG_WARN_BLOCK_CAPTURE_AUTORELEASING = YES;
				CLANG_WARN_BOOL_CONVERSION = YES;
				CLANG_WARN_COMMA = YES;
				CLANG_WARN_CONSTANT_CONVERSION = YES;
				CLANG_WARN_DEPRECATED_OBJC_IMPLEMENTATIONS = YES;
				CLANG_WARN_DIRECT_OBJC_ISA_USAGE = YES_ERROR;
				CLANG_WARN_DOCUMENTATION_COMMENTS = YES;
				CLANG_WARN_EMPTY_BODY = YES;
				CLANG_WARN_ENUM_CONVERSION = YES;
				CLANG_WARN_INFINITE_RECURSION = YES;
				CLANG_WARN_INT_CONVERSION = YES;
				CLANG_WARN_NON_LITERAL_NULL_CONVERSION = YES;
				CLANG_WARN_OBJC_IMPLICIT_RETAIN_SELF = YES;
				CLANG_WARN_OBJC_LITERAL_CONVERSION = YES;
				CLANG_WARN_OBJC_ROOT_CLASS = YES_ERROR;
				CLANG_WARN_RANGE_LOOP_ANALYSIS = YES;
				CLANG_WARN_STRICT_PROTOTYPES = YES;
				CLANG_WARN_SUSPICIOUS_MOVE = YES;
				CLANG_WARN_UNGUARDED_AVAILABILITY = YES_AGGRESSIVE;
				CLANG_WARN_UNREACHABLE_CODE = YES;
				CLANG_WARN__DUPLICATE_METHOD_MATCH = YES;
				COPY_PHASE_STRIP = NO;
				DEBUG_INFORMATION_FORMAT = dwarf;
				ENABLE_STRICT_OBJC_MSGSEND = YES;
				ENABLE_TESTABILITY = YES;
				GCC_C_LANGUAGE_STANDARD = gnu11;
				GCC_DYNAMIC_NO_PIC = NO;
				GCC_NO_COMMON_BLOCKS = YES;
				GCC_OPTIMIZATION_LEVEL = 0;
				GCC_PREPROCESSOR_DEFINITIONS = (
					"DEBUG=1",
					"$(inherited)",
				);
				GCC_WARN_64_TO_32_BIT_CONVERSION = YES;
				GCC_WARN_ABOUT_RETURN_TYPE = YES_ERROR;
				GCC_WARN_UNDECLARED_SELECTOR = YES;
				GCC_WARN_UNINITIALIZED_AUTOS = YES_AGGRESSIVE;
				GCC_WARN_UNUSED_FUNCTION = YES;
				GCC_WARN_UNUSED_VARIABLE = YES;
				IPHONEOS_DEPLOYMENT_TARGET = 13.2;
				MTL_ENABLE_DEBUG_INFO = INCLUDE_SOURCE;
				MTL_FAST_MATH = YES;
				ONLY_ACTIVE_ARCH = YES;
				SDKROOT = iphoneos;
				SWIFT_ACTIVE_COMPILATION_CONDITIONS = DEBUG;
				SWIFT_OPTIMIZATION_LEVEL = "-Onone";
			};
			name = Debug;
		};
		C134029623B8289300C94FF8 /* Release */ = {
			isa = XCBuildConfiguration;
			buildSettings = {
				ALWAYS_SEARCH_USER_PATHS = NO;
				CLANG_ANALYZER_LOCALIZABILITY_NONLOCALIZED = YES;
				CLANG_ANALYZER_NONNULL = YES;
				CLANG_ANALYZER_NUMBER_OBJECT_CONVERSION = YES_AGGRESSIVE;
				CLANG_CXX_LANGUAGE_STANDARD = "gnu++14";
				CLANG_CXX_LIBRARY = "libc++";
				CLANG_ENABLE_MODULES = YES;
				CLANG_ENABLE_OBJC_ARC = YES;
				CLANG_ENABLE_OBJC_WEAK = YES;
				CLANG_WARN_BLOCK_CAPTURE_AUTORELEASING = YES;
				CLANG_WARN_BOOL_CONVERSION = YES;
				CLANG_WARN_COMMA = YES;
				CLANG_WARN_CONSTANT_CONVERSION = YES;
				CLANG_WARN_DEPRECATED_OBJC_IMPLEMENTATIONS = YES;
				CLANG_WARN_DIRECT_OBJC_ISA_USAGE = YES_ERROR;
				CLANG_WARN_DOCUMENTATION_COMMENTS = YES;
				CLANG_WARN_EMPTY_BODY = YES;
				CLANG_WARN_ENUM_CONVERSION = YES;
				CLANG_WARN_INFINITE_RECURSION = YES;
				CLANG_WARN_INT_CONVERSION = YES;
				CLANG_WARN_NON_LITERAL_NULL_CONVERSION = YES;
				CLANG_WARN_OBJC_IMPLICIT_RETAIN_SELF = YES;
				CLANG_WARN_OBJC_LITERAL_CONVERSION = YES;
				CLANG_WARN_OBJC_ROOT_CLASS = YES_ERROR;
				CLANG_WARN_RANGE_LOOP_ANALYSIS = YES;
				CLANG_WARN_STRICT_PROTOTYPES = YES;
				CLANG_WARN_SUSPICIOUS_MOVE = YES;
				CLANG_WARN_UNGUARDED_AVAILABILITY = YES_AGGRESSIVE;
				CLANG_WARN_UNREACHABLE_CODE = YES;
				CLANG_WARN__DUPLICATE_METHOD_MATCH = YES;
				COPY_PHASE_STRIP = NO;
				DEBUG_INFORMATION_FORMAT = "dwarf-with-dsym";
				ENABLE_NS_ASSERTIONS = NO;
				ENABLE_STRICT_OBJC_MSGSEND = YES;
				GCC_C_LANGUAGE_STANDARD = gnu11;
				GCC_NO_COMMON_BLOCKS = YES;
				GCC_WARN_64_TO_32_BIT_CONVERSION = YES;
				GCC_WARN_ABOUT_RETURN_TYPE = YES_ERROR;
				GCC_WARN_UNDECLARED_SELECTOR = YES;
				GCC_WARN_UNINITIALIZED_AUTOS = YES_AGGRESSIVE;
				GCC_WARN_UNUSED_FUNCTION = YES;
				GCC_WARN_UNUSED_VARIABLE = YES;
				IPHONEOS_DEPLOYMENT_TARGET = 13.2;
				MTL_ENABLE_DEBUG_INFO = NO;
				MTL_FAST_MATH = YES;
				SDKROOT = iphoneos;
				SWIFT_COMPILATION_MODE = wholemodule;
				SWIFT_OPTIMIZATION_LEVEL = "-O";
				VALIDATE_PRODUCT = YES;
			};
			name = Release;
		};
		C134029823B8289300C94FF8 /* Debug */ = {
			isa = XCBuildConfiguration;
			buildSettings = {
				ASSETCATALOG_COMPILER_APPICON_NAME = AppIcon;
				CODE_SIGN_STYLE = Automatic;
				INFOPLIST_FILE = WorldTrotter/Info.plist;
				LD_RUNPATH_SEARCH_PATHS = (
					"$(inherited)",
					"@executable_path/Frameworks",
				);
				PRODUCT_BUNDLE_IDENTIFIER = com.bignerdranch.WorldTrotter;
				PRODUCT_NAME = "$(TARGET_NAME)";
				SWIFT_VERSION = 5.0;
				TARGETED_DEVICE_FAMILY = "1,2";
			};
			name = Debug;
		};
		C134029923B8289300C94FF8 /* Release */ = {
			isa = XCBuildConfiguration;
			buildSettings = {
				ASSETCATALOG_COMPILER_APPICON_NAME = AppIcon;
				CODE_SIGN_STYLE = Automatic;
				INFOPLIST_FILE = WorldTrotter/Info.plist;
				LD_RUNPATH_SEARCH_PATHS = (
					"$(inherited)",
					"@executable_path/Frameworks",
				);
				PRODUCT_BUNDLE_IDENTIFIER = com.bignerdranch.WorldTrotter;
				PRODUCT_NAME = "$(TARGET_NAME)";
				SWIFT_VERSION = 5.0;
				TARGETED_DEVICE_FAMILY = "1,2";
			};
			name = Release;
		};
		C134029B23B8289300C94FF8 /* Debug */ = {
			isa = XCBuildConfiguration;
			buildSettings = {
				ALWAYS_EMBED_SWIFT_STANDARD_LIBRARIES = YES;
				BUNDLE_LOADER = "$(TEST_HOST)";
				CODE_SIGN_STYLE = Automatic;
				INFOPLIST_FILE = WorldTrotterTests/Info.plist;
				IPHONEOS_DEPLOYMENT_TARGET = 13.2;
				LD_RUNPATH_SEARCH_PATHS = (
					"$(inherited)",
					"@executable_path/Frameworks",
					"@loader_path/Frameworks",
				);
				PRODUCT_BUNDLE_IDENTIFIER = com.bignerdranch.WorldTrotterTests;
				PRODUCT_NAME = "$(TARGET_NAME)";
				SWIFT_VERSION = 5.0;
				TARGETED_DEVICE_FAMILY = "1,2";
				TEST_HOST = "$(BUILT_PRODUCTS_DIR)/WorldTrotter.app/WorldTrotter";
			};
			name = Debug;
		};
		C134029C23B8289300C94FF8 /* Release */ = {
			isa = XCBuildConfiguration;
			buildSettings = {
				ALWAYS_EMBED_SWIFT_STANDARD_LIBRARIES = YES;
				BUNDLE_LOADER = "$(TEST_HOST)";
				CODE_SIGN_STYLE = Automatic;
				INFOPLIST_FILE = WorldTrotterTests/Info.plist;
				IPHONEOS_DEPLOYMENT_TARGET = 13.2;
				LD_RUNPATH_SEARCH_PATHS = (
					"$(inherited)",
					"@executable_path/Frameworks",
					"@loader_path/Frameworks",
				);
				PRODUCT_BUNDLE_IDENTIFIER = com.bignerdranch.WorldTrotterTests;
				PRODUCT_NAME = "$(TARGET_NAME)";
				SWIFT_VERSION = 5.0;
				TARGETED_DEVICE_FAMILY = "1,2";
				TEST_HOST = "$(BUILT_PRODUCTS_DIR)/WorldTrotter.app/WorldTrotter";
			};
			name = Release;
		};
		C134029E23B8289300C94FF8 /* Debug */ = {
			isa = XCBuildConfiguration;
			buildSettings = {
				ALWAYS_EMBED_SWIFT_STANDARD_LIBRARIES = YES;
				CODE_SIGN_STYLE = Automatic;
				INFOPLIST_FILE = WorldTrotterUITests/Info.plist;
				LD_RUNPATH_SEARCH_PATHS = (
					"$(inherited)",
					"@executable_path/Frameworks",
					"@loader_path/Frameworks",
				);
				PRODUCT_BUNDLE_IDENTIFIER = com.bignerdranch.WorldTrotterUITests;
				PRODUCT_NAME = "$(TARGET_NAME)";
				SWIFT_VERSION = 5.0;
				TARGETED_DEVICE_FAMILY = "1,2";
				TEST_TARGET_NAME = WorldTrotter;
			};
			name = Debug;
		};
		C134029F23B8289300C94FF8 /* Release */ = {
			isa = XCBuildConfiguration;
			buildSettings = {
				ALWAYS_EMBED_SWIFT_STANDARD_LIBRARIES = YES;
				CODE_SIGN_STYLE = Automatic;
				INFOPLIST_FILE = WorldTrotterUITests/Info.plist;
				LD_RUNPATH_SEARCH_PATHS = (
					"$(inherited)",
					"@executable_path/Frameworks",
					"@loader_path/Frameworks",
				);
				PRODUCT_BUNDLE_IDENTIFIER = com.bignerdranch.WorldTrotterUITests;
				PRODUCT_NAME = "$(TARGET_NAME)";
				SWIFT_VERSION = 5.0;
				TARGETED_DEVICE_FAMILY = "1,2";
				TEST_TARGET_NAME = WorldTrotter;
			};
			name = Release;
		};
/* End XCBuildConfiguration section */

/* Begin XCConfigurationList section */
		C134026823B8289100C94FF8 /* Build configuration list for PBXProject "WorldTrotter" */ = {
			isa = XCConfigurationList;
			buildConfigurations = (
				C134029523B8289300C94FF8 /* Debug */,
				C134029623B8289300C94FF8 /* Release */,
			);
			defaultConfigurationIsVisible = 0;
			defaultConfigurationName = Release;
		};
		C134029723B8289300C94FF8 /* Build configuration list for PBXNativeTarget "WorldTrotter" */ = {
			isa = XCConfigurationList;
			buildConfigurations = (
				C134029823B8289300C94FF8 /* Debug */,
				C134029923B8289300C94FF8 /* Release */,
			);
			defaultConfigurationIsVisible = 0;
			defaultConfigurationName = Release;
		};
		C134029A23B8289300C94FF8 /* Build configuration list for PBXNativeTarget "WorldTrotterTests" */ = {
			isa = XCConfigurationList;
			buildConfigurations = (
				C134029B23B8289300C94FF8 /* Debug */,
				C134029C23B8289300C94FF8 /* Release */,
			);
			defaultConfigurationIsVisible = 0;
			defaultConfigurationName = Release;
		};
		C134029D23B8289300C94FF8 /* Build configuration list for PBXNativeTarget "WorldTrotterUITests" */ = {
			isa = XCConfigurationList;
			buildConfigurations = (
				C134029E23B8289300C94FF8 /* Debug */,
				C134029F23B8289300C94FF8 /* Release */,
			);
			defaultConfigurationIsVisible = 0;
			defaultConfigurationName = Release;
		};
/* End XCConfigurationList section */
	};
	rootObject = C134026523B8289100C94FF8 /* Project object */;
}
